
Microsoft Visual Studio Solution File, Format Version 12.00
# Visual Studio Version 17
VisualStudioVersion = 17.9.34902.65
MinimumVisualStudioVersion = 10.0.40219.1
Project("{2150E333-8FDC-42A3-9474-1A3956D46DE8}") = "Services", "Services", "{65F54252-AC6B-4667-9560-EC686657FDD3}"
EndProject
Project("{2150E333-8FDC-42A3-9474-1A3956D46DE8}") = "ApiGateways", "ApiGateways", "{3F53CA88-1A90-4C57-AFC1-5CDEDB5F6DEF}"
EndProject
Project("{2150E333-8FDC-42A3-9474-1A3956D46DE8}") = "BuildingBlocks", "BuildingBlocks", "{6B14ECF5-6CC2-48F9-A443-ABDCCF007736}"
EndProject
Project("{2150E333-8FDC-42A3-9474-1A3956D46DE8}") = "WebApps", "WebApps", "{EB8967F7-1139-41EA-AFBB-1412F528755B}"
EndProject
Project("{2150E333-8FDC-42A3-9474-1A3956D46DE8}") = "Catalog", "Catalog", "{AF4FD9CA-5655-45C1-B779-8DBFF0103F6C}"
EndProject
Project("{9A19103F-16F7-4668-BE54-9A1E7A4F7556}") = "CatalogAPI", "Services\Catalog\CatalogAPI\CatalogAPI.csproj", "{C95B064C-F3D2-4297-86A5-EDE75371FEE7}"
EndProject
Project("{9A19103F-16F7-4668-BE54-9A1E7A4F7556}") = "BuildingBlocks", "BuildingBlocks\BuildingBlocks\BuildingBlocks.csproj", "{5AAB7E10-2136-44D0-9324-A091A8F59089}"
EndProject
Project("{E53339B2-1760-4266-BCC7-CA923CBCF16C}") = "docker-compose", "docker-compose.dcproj", "{CB17AAEF-1E33-46EF-9EE4-4C557B7F5112}"
EndProject
Project("{2150E333-8FDC-42A3-9474-1A3956D46DE8}") = "Basket", "Basket", "{E4C74E5F-BEA8-40B8-9E94-5538ACA6B433}"
EndProject
Project("{9A19103F-16F7-4668-BE54-9A1E7A4F7556}") = "BasketAPI", "Services\Basket\BasketAPI\BasketAPI.csproj", "{5DFDF6A7-406D-4838-91A5-4C9AEA3AA174}"
EndProject
Project("{2150E333-8FDC-42A3-9474-1A3956D46DE8}") = "Discount", "Discount", "{3FEFC4B6-55D7-4D1D-AD64-4AF34C88FBF0}"
EndProject
Project("{9A19103F-16F7-4668-BE54-9A1E7A4F7556}") = "DiscountGrpc.SDK", "BuildingBlocks\DiscountGrpc.SDK\DiscountGrpc.SDK.csproj", "{A1ED0FE8-D6AD-41E8-97CC-2AD5977EB019}"
EndProject
Project("{9A19103F-16F7-4668-BE54-9A1E7A4F7556}") = "DiscountGrpc", "Services\Discount\DiscountGrpc\DiscountGrpc.csproj", "{9ECDBD68-099F-432C-BC47-50A94FE9BAEC}"
EndProject
Project("{2150E333-8FDC-42A3-9474-1A3956D46DE8}") = "Ordering", "Ordering", "{10EA28E7-17CA-4701-AEE4-3F50613FB3CF}"
EndProject
Project("{FAE04EC0-301F-11D3-BF4B-00C04F79EFBC}") = "OrderingAPI", "Services\Ordering\OrderingAPI\OrderingAPI.csproj", "{6A56E5F7-C003-4B68-B3DC-E023F8C6C7BF}"
EndProject
Global
	GlobalSection(SolutionConfigurationPlatforms) = preSolution
		Debug|Any CPU = Debug|Any CPU
		Release|Any CPU = Release|Any CPU
	EndGlobalSection
	GlobalSection(ProjectConfigurationPlatforms) = postSolution
		{C95B064C-F3D2-4297-86A5-EDE75371FEE7}.Debug|Any CPU.ActiveCfg = Debug|Any CPU
		{C95B064C-F3D2-4297-86A5-EDE75371FEE7}.Debug|Any CPU.Build.0 = Debug|Any CPU
		{C95B064C-F3D2-4297-86A5-EDE75371FEE7}.Release|Any CPU.ActiveCfg = Release|Any CPU
		{C95B064C-F3D2-4297-86A5-EDE75371FEE7}.Release|Any CPU.Build.0 = Release|Any CPU
		{5AAB7E10-2136-44D0-9324-A091A8F59089}.Debug|Any CPU.ActiveCfg = Debug|Any CPU
		{5AAB7E10-2136-44D0-9324-A091A8F59089}.Debug|Any CPU.Build.0 = Debug|Any CPU
		{5AAB7E10-2136-44D0-9324-A091A8F59089}.Release|Any CPU.ActiveCfg = Release|Any CPU
		{5AAB7E10-2136-44D0-9324-A091A8F59089}.Release|Any CPU.Build.0 = Release|Any CPU
		{CB17AAEF-1E33-46EF-9EE4-4C557B7F5112}.Debug|Any CPU.ActiveCfg = Debug|Any CPU
		{CB17AAEF-1E33-46EF-9EE4-4C557B7F5112}.Debug|Any CPU.Build.0 = Debug|Any CPU
		{CB17AAEF-1E33-46EF-9EE4-4C557B7F5112}.Release|Any CPU.ActiveCfg = Release|Any CPU
		{CB17AAEF-1E33-46EF-9EE4-4C557B7F5112}.Release|Any CPU.Build.0 = Release|Any CPU
		{5DFDF6A7-406D-4838-91A5-4C9AEA3AA174}.Debug|Any CPU.ActiveCfg = Debug|Any CPU
		{5DFDF6A7-406D-4838-91A5-4C9AEA3AA174}.Debug|Any CPU.Build.0 = Debug|Any CPU
		{5DFDF6A7-406D-4838-91A5-4C9AEA3AA174}.Release|Any CPU.ActiveCfg = Release|Any CPU
		{5DFDF6A7-406D-4838-91A5-4C9AEA3AA174}.Release|Any CPU.Build.0 = Release|Any CPU
		{A1ED0FE8-D6AD-41E8-97CC-2AD5977EB019}.Debug|Any CPU.ActiveCfg = Debug|Any CPU
		{A1ED0FE8-D6AD-41E8-97CC-2AD5977EB019}.Debug|Any CPU.Build.0 = Debug|Any CPU
		{A1ED0FE8-D6AD-41E8-97CC-2AD5977EB019}.Release|Any CPU.ActiveCfg = Release|Any CPU
		{A1ED0FE8-D6AD-41E8-97CC-2AD5977EB019}.Release|Any CPU.Build.0 = Release|Any CPU
		{9ECDBD68-099F-432C-BC47-50A94FE9BAEC}.Debug|Any CPU.ActiveCfg = Debug|Any CPU
		{9ECDBD68-099F-432C-BC47-50A94FE9BAEC}.Debug|Any CPU.Build.0 = Debug|Any CPU
		{9ECDBD68-099F-432C-BC47-50A94FE9BAEC}.Release|Any CPU.ActiveCfg = Release|Any CPU
		{9ECDBD68-099F-432C-BC47-50A94FE9BAEC}.Release|Any CPU.Build.0 = Release|Any CPU
		{6A56E5F7-C003-4B68-B3DC-E023F8C6C7BF}.Debug|Any CPU.ActiveCfg = Debug|Any CPU
		{6A56E5F7-C003-4B68-B3DC-E023F8C6C7BF}.Debug|Any CPU.Build.0 = Debug|Any CPU
		{6A56E5F7-C003-4B68-B3DC-E023F8C6C7BF}.Release|Any CPU.ActiveCfg = Release|Any CPU
		{6A56E5F7-C003-4B68-B3DC-E023F8C6C7BF}.Release|Any CPU.Build.0 = Release|Any CPU
	EndGlobalSection
	GlobalSection(SolutionProperties) = preSolution
		HideSolutionNode = FALSE
	EndGlobalSection
	GlobalSection(NestedProjects) = preSolution
		{AF4FD9CA-5655-45C1-B779-8DBFF0103F6C} = {65F54252-AC6B-4667-9560-EC686657FDD3}
		{C95B064C-F3D2-4297-86A5-EDE75371FEE7} = {AF4FD9CA-5655-45C1-B779-8DBFF0103F6C}
		{5AAB7E10-2136-44D0-9324-A091A8F59089} = {6B14ECF5-6CC2-48F9-A443-ABDCCF007736}
		{E4C74E5F-BEA8-40B8-9E94-5538ACA6B433} = {65F54252-AC6B-4667-9560-EC686657FDD3}
		{5DFDF6A7-406D-4838-91A5-4C9AEA3AA174} = {E4C74E5F-BEA8-40B8-9E94-5538ACA6B433}
		{3FEFC4B6-55D7-4D1D-AD64-4AF34C88FBF0} = {65F54252-AC6B-4667-9560-EC686657FDD3}
		{A1ED0FE8-D6AD-41E8-97CC-2AD5977EB019} = {6B14ECF5-6CC2-48F9-A443-ABDCCF007736}
		{9ECDBD68-099F-432C-BC47-50A94FE9BAEC} = {3FEFC4B6-55D7-4D1D-AD64-4AF34C88FBF0}
		{10EA28E7-17CA-4701-AEE4-3F50613FB3CF} = {65F54252-AC6B-4667-9560-EC686657FDD3}
		{6A56E5F7-C003-4B68-B3DC-E023F8C6C7BF} = {10EA28E7-17CA-4701-AEE4-3F50613FB3CF}
	EndGlobalSection
	GlobalSection(ExtensibilityGlobals) = postSolution
		SolutionGuid = {A8844080-5372-4881-A32F-A5F573926E0A}
	EndGlobalSection
EndGlobal
